// !$*UTF8*$!
{
	archiveVersion = 1;
	classes = {
	};
	objectVersion = 48;
	objects = {

/* Begin PBXBuildFile section */
		59261BCB206EBB7A00BF9DB7 /* libxml2.2.dylib in Frameworks */ = {isa = PBXBuildFile; fileRef = 59261BCA206EBB7A00BF9DB7 /* libxml2.2.dylib */; };
		59261BE7206EE8DD00BF9DB7 /* libxml2.2.dylib in Frameworks */ = {isa = PBXBuildFile; fileRef = 59261BCA206EBB7A00BF9DB7 /* libxml2.2.dylib */; };
		59390882207E5EB70066746C /* UIButtonContent.m in Sources */ = {isa = PBXBuildFile; fileRef = 59390881207E5EB70066746C /* UIButtonContent.m */; };
		59390883207E5EB70066746C /* UIButtonContent.m in Sources */ = {isa = PBXBuildFile; fileRef = 59390881207E5EB70066746C /* UIButtonContent.m */; };
		594FE35A207269430098613B /* UIColor.swift in Sources */ = {isa = PBXBuildFile; fileRef = 594FE359207269430098613B /* UIColor.swift */; };
		594FE35C20727E5E0098613B /* UIButton.swift in Sources */ = {isa = PBXBuildFile; fileRef = 594FE35B20727E5E0098613B /* UIButton.swift */; };
		594FE35E20727E840098613B /* UIControl.swift in Sources */ = {isa = PBXBuildFile; fileRef = 594FE35D20727E840098613B /* UIControl.swift */; };
		594FE37E207286550098613B /* UIScreen.swift in Sources */ = {isa = PBXBuildFile; fileRef = 594FE37D207286550098613B /* UIScreen.swift */; };
		594FE3802072B9F50098613B /* UILabel.swift in Sources */ = {isa = PBXBuildFile; fileRef = 594FE37F2072B9F50098613B /* UILabel.swift */; };
		594FE3842072BFD30098613B /* ViewController2.swift in Sources */ = {isa = PBXBuildFile; fileRef = 594FE3832072BFD30098613B /* ViewController2.swift */; };
		594FE3882073592D0098613B /* Window.swift in Sources */ = {isa = PBXBuildFile; fileRef = 594FE3872073592D0098613B /* Window.swift */; };
		595FC9102073A3CE00FB6D6B /* ViewController3.swift in Sources */ = {isa = PBXBuildFile; fileRef = 595FC90F2073A3CE00FB6D6B /* ViewController3.swift */; };
		595FC9142075219400FB6D6B /* UISwitch.swift in Sources */ = {isa = PBXBuildFile; fileRef = 595FC9132075219400FB6D6B /* UISwitch.swift */; };
		596900DC207B289E00A25EA4 /* CustomCoder.mm in Sources */ = {isa = PBXBuildFile; fileRef = 596900DB207B289E00A25EA4 /* CustomCoder.mm */; };
		596900DD207B289E00A25EA4 /* CustomCoder.mm in Sources */ = {isa = PBXBuildFile; fileRef = 596900DB207B289E00A25EA4 /* CustomCoder.mm */; };
		596900EF207B2BFC00A25EA4 /* SB_Scene.cpp in Sources */ = {isa = PBXBuildFile; fileRef = 596900EA207B2BFC00A25EA4 /* SB_Scene.cpp */; };
		596900F0207B2BFC00A25EA4 /* SB_Scene.cpp in Sources */ = {isa = PBXBuildFile; fileRef = 596900EA207B2BFC00A25EA4 /* SB_Scene.cpp */; };
		596900F2207B2BFC00A25EA4 /* SB_Scene.cpp in Sources */ = {isa = PBXBuildFile; fileRef = 596900EA207B2BFC00A25EA4 /* SB_Scene.cpp */; };
		596900F3207B2BFC00A25EA4 /* SB_View.cpp in Sources */ = {isa = PBXBuildFile; fileRef = 596900EB207B2BFC00A25EA4 /* SB_View.cpp */; };
		596900F4207B2BFC00A25EA4 /* SB_View.cpp in Sources */ = {isa = PBXBuildFile; fileRef = 596900EB207B2BFC00A25EA4 /* SB_View.cpp */; };
		596900F6207B2BFC00A25EA4 /* SB_View.cpp in Sources */ = {isa = PBXBuildFile; fileRef = 596900EB207B2BFC00A25EA4 /* SB_View.cpp */; };
		596900F7207B2BFC00A25EA4 /* SB_Parameters.cpp in Sources */ = {isa = PBXBuildFile; fileRef = 596900EC207B2BFC00A25EA4 /* SB_Parameters.cpp */; };
		596900F8207B2BFC00A25EA4 /* SB_Parameters.cpp in Sources */ = {isa = PBXBuildFile; fileRef = 596900EC207B2BFC00A25EA4 /* SB_Parameters.cpp */; };
		596900FA207B2BFC00A25EA4 /* SB_Parameters.cpp in Sources */ = {isa = PBXBuildFile; fileRef = 596900EC207B2BFC00A25EA4 /* SB_Parameters.cpp */; };
		596900FB207B2BFC00A25EA4 /* StoryboardDocument.cpp in Sources */ = {isa = PBXBuildFile; fileRef = 596900ED207B2BFC00A25EA4 /* StoryboardDocument.cpp */; };
		596900FC207B2BFC00A25EA4 /* StoryboardDocument.cpp in Sources */ = {isa = PBXBuildFile; fileRef = 596900ED207B2BFC00A25EA4 /* StoryboardDocument.cpp */; };
		596900FE207B2BFC00A25EA4 /* StoryboardDocument.cpp in Sources */ = {isa = PBXBuildFile; fileRef = 596900ED207B2BFC00A25EA4 /* StoryboardDocument.cpp */; };
		596900FF207B2BFC00A25EA4 /* XMLDocument.cpp in Sources */ = {isa = PBXBuildFile; fileRef = 596900EE207B2BFC00A25EA4 /* XMLDocument.cpp */; };
		59690100207B2BFC00A25EA4 /* XMLDocument.cpp in Sources */ = {isa = PBXBuildFile; fileRef = 596900EE207B2BFC00A25EA4 /* XMLDocument.cpp */; };
		59690102207B2BFC00A25EA4 /* XMLDocument.cpp in Sources */ = {isa = PBXBuildFile; fileRef = 596900EE207B2BFC00A25EA4 /* XMLDocument.cpp */; };
		599930DD206FDF2600102DDE /* libgtk-3.0.dylib in Frameworks */ = {isa = PBXBuildFile; fileRef = 599930DC206FDF2600102DDE /* libgtk-3.0.dylib */; };
		599930E1206FDFA300102DDE /* libgobject-2.0.dylib in Frameworks */ = {isa = PBXBuildFile; fileRef = 599930E0206FDFA300102DDE /* libgobject-2.0.dylib */; };
		599930E3206FDFCC00102DDE /* libglib-2.0.0.dylib in Frameworks */ = {isa = PBXBuildFile; fileRef = 599930E2206FDFCC00102DDE /* libglib-2.0.0.dylib */; };
		599930E4206FE03000102DDE /* libgdk-3.dylib in Frameworks */ = {isa = PBXBuildFile; fileRef = 599930DE206FDF3D00102DDE /* libgdk-3.dylib */; };
		599930E5206FE8F900102DDE /* libglib-2.0.0.dylib in Frameworks */ = {isa = PBXBuildFile; fileRef = 599930E2206FDFCC00102DDE /* libglib-2.0.0.dylib */; };
		599930E6206FE8FB00102DDE /* libgobject-2.0.dylib in Frameworks */ = {isa = PBXBuildFile; fileRef = 599930E0206FDFA300102DDE /* libgobject-2.0.dylib */; };
		599930E7206FE8FC00102DDE /* libgdk-3.dylib in Frameworks */ = {isa = PBXBuildFile; fileRef = 599930DE206FDF3D00102DDE /* libgdk-3.dylib */; };
		599930E8206FE8FE00102DDE /* libgtk-3.0.dylib in Frameworks */ = {isa = PBXBuildFile; fileRef = 599930DC206FDF2600102DDE /* libgtk-3.0.dylib */; };
		59E60C5D207F8C890006CEB6 /* UISlider.swift in Sources */ = {isa = PBXBuildFile; fileRef = 59E60C5B207F8C890006CEB6 /* UISlider.swift */; };
		59E60C61208482430006CEB6 /* SecondViewController.swift in Sources */ = {isa = PBXBuildFile; fileRef = 59E60C60208482420006CEB6 /* SecondViewController.swift */; };
		59E60C63208484240006CEB6 /* UIStoryboardSegue.swift in Sources */ = {isa = PBXBuildFile; fileRef = 59E60C62208484240006CEB6 /* UIStoryboardSegue.swift */; };
		59E60C64208484240006CEB6 /* UIStoryboardSegue.swift in Sources */ = {isa = PBXBuildFile; fileRef = 59E60C62208484240006CEB6 /* UIStoryboardSegue.swift */; };
		59EB41262071107400F29CA5 /* main.c in Sources */ = {isa = PBXBuildFile; fileRef = 59EB41252071107400F29CA5 /* main.c */; };
		59EB41292071109B00F29CA5 /* main.cpp in Sources */ = {isa = PBXBuildFile; fileRef = 59EB41282071109B00F29CA5 /* main.cpp */; };
		59EB414A207110D800F29CA5 /* UIView.swift in Sources */ = {isa = PBXBuildFile; fileRef = 59EB412D207110AD00F29CA5 /* UIView.swift */; };
		59EB414B207110D800F29CA5 /* UIResponder.swift in Sources */ = {isa = PBXBuildFile; fileRef = 59EB4131207110AD00F29CA5 /* UIResponder.swift */; };
		59EB414C207110D800F29CA5 /* UIViewController.swift in Sources */ = {isa = PBXBuildFile; fileRef = 59EB4132207110AD00F29CA5 /* UIViewController.swift */; };
		59EB414D207110D800F29CA5 /* UIWindow.swift in Sources */ = {isa = PBXBuildFile; fileRef = 59EB4133207110AD00F29CA5 /* UIWindow.swift */; };
		59EB414E207110D800F29CA5 /* UIApplication.swift in Sources */ = {isa = PBXBuildFile; fileRef = 59EB4134207110AD00F29CA5 /* UIApplication.swift */; };
		59EB415C2071117D00F29CA5 /* ViewController.swift in Sources */ = {isa = PBXBuildFile; fileRef = 59EB41592071117D00F29CA5 /* ViewController.swift */; };
		59EB415D2071117D00F29CA5 /* AppDelegate.swift in Sources */ = {isa = PBXBuildFile; fileRef = 59EB415A2071117D00F29CA5 /* AppDelegate.swift */; };
		59EB415E2071117D00F29CA5 /* main.swift in Sources */ = {isa = PBXBuildFile; fileRef = 59EB415B2071117D00F29CA5 /* main.swift */; };
		59EB4163207115AD00F29CA5 /* UIStoryBoard.mm in Sources */ = {isa = PBXBuildFile; fileRef = 59EB4162207115AD00F29CA5 /* UIStoryBoard.mm */; };
		59F03B9F2076014C00E47867 /* CustomView.swift in Sources */ = {isa = PBXBuildFile; fileRef = 59F03B9E2076014C00E47867 /* CustomView.swift */; };
		59F03BA2207603D000E47867 /* CustomWidget.c in Sources */ = {isa = PBXBuildFile; fileRef = 59F03BA1207603D000E47867 /* CustomWidget.c */; };
		59F03BA72076212500E47867 /* libcairo.dylib in Frameworks */ = {isa = PBXBuildFile; fileRef = 59F03BA32076049C00E47867 /* libcairo.dylib */; };
		59F03BAA207625D900E47867 /* GtkDrawableContainer.c in Sources */ = {isa = PBXBuildFile; fileRef = 59F03BA9207625D900E47867 /* GtkDrawableContainer.c */; };
		59F03BAB207625D900E47867 /* GtkDrawableContainer.c in Sources */ = {isa = PBXBuildFile; fileRef = 59F03BA9207625D900E47867 /* GtkDrawableContainer.c */; };
		59F03BCC2076AEFF00E47867 /* UIButton.swift in Sources */ = {isa = PBXBuildFile; fileRef = 594FE35B20727E5E0098613B /* UIButton.swift */; };
		59F03BCD2076AEFF00E47867 /* UIView.swift in Sources */ = {isa = PBXBuildFile; fileRef = 59EB412D207110AD00F29CA5 /* UIView.swift */; };
		59F03BCE2076AEFF00E47867 /* UIResponder.swift in Sources */ = {isa = PBXBuildFile; fileRef = 59EB4131207110AD00F29CA5 /* UIResponder.swift */; };
		59F03BCF2076AEFF00E47867 /* UIViewController.swift in Sources */ = {isa = PBXBuildFile; fileRef = 59EB4132207110AD00F29CA5 /* UIViewController.swift */; };
		59F03BD02076AEFF00E47867 /* UIScreen.swift in Sources */ = {isa = PBXBuildFile; fileRef = 594FE37D207286550098613B /* UIScreen.swift */; };
		59F03BD22076AEFF00E47867 /* UIWindow.swift in Sources */ = {isa = PBXBuildFile; fileRef = 59EB4133207110AD00F29CA5 /* UIWindow.swift */; };
		59F03BD42076AEFF00E47867 /* UIColor.swift in Sources */ = {isa = PBXBuildFile; fileRef = 594FE359207269430098613B /* UIColor.swift */; };
		59F03BD52076AEFF00E47867 /* UISwitch.swift in Sources */ = {isa = PBXBuildFile; fileRef = 595FC9132075219400FB6D6B /* UISwitch.swift */; };
		59F03BD62076AEFF00E47867 /* UIApplication.swift in Sources */ = {isa = PBXBuildFile; fileRef = 59EB4134207110AD00F29CA5 /* UIApplication.swift */; };
		59F03BD82076AEFF00E47867 /* UILabel.swift in Sources */ = {isa = PBXBuildFile; fileRef = 594FE37F2072B9F50098613B /* UILabel.swift */; };
		59F03BDB2076AEFF00E47867 /* UIStoryBoard.mm in Sources */ = {isa = PBXBuildFile; fileRef = 59EB4162207115AD00F29CA5 /* UIStoryBoard.mm */; };
		59F03BDC2076AEFF00E47867 /* GtkDrawableContainer.c in Sources */ = {isa = PBXBuildFile; fileRef = 59F03BA9207625D900E47867 /* GtkDrawableContainer.c */; };
		59F03BE42076AEFF00E47867 /* UIControl.swift in Sources */ = {isa = PBXBuildFile; fileRef = 594FE35D20727E840098613B /* UIControl.swift */; };
		59F03BE72076AEFF00E47867 /* libxml2.2.dylib in Frameworks */ = {isa = PBXBuildFile; fileRef = 59261BCA206EBB7A00BF9DB7 /* libxml2.2.dylib */; };
		59F03BE82076AEFF00E47867 /* libgdk-3.dylib in Frameworks */ = {isa = PBXBuildFile; fileRef = 599930DE206FDF3D00102DDE /* libgdk-3.dylib */; };
		59F03BE92076AEFF00E47867 /* libgtk-3.0.dylib in Frameworks */ = {isa = PBXBuildFile; fileRef = 599930DC206FDF2600102DDE /* libgtk-3.0.dylib */; };
		59F03BEA2076AEFF00E47867 /* libglib-2.0.0.dylib in Frameworks */ = {isa = PBXBuildFile; fileRef = 599930E2206FDFCC00102DDE /* libglib-2.0.0.dylib */; };
		59F03BEB2076AEFF00E47867 /* libgobject-2.0.dylib in Frameworks */ = {isa = PBXBuildFile; fileRef = 599930E0206FDFA300102DDE /* libgobject-2.0.dylib */; };
		59F03BF82076AF8100E47867 /* AppDelegate.swift in Sources */ = {isa = PBXBuildFile; fileRef = 59F03BF62076AF8100E47867 /* AppDelegate.swift */; };
		59F03BF92076AF8100E47867 /* ViewController.swift in Sources */ = {isa = PBXBuildFile; fileRef = 59F03BF72076AF8100E47867 /* ViewController.swift */; };
		59F03BFB2076AFAB00E47867 /* main.swift in Sources */ = {isa = PBXBuildFile; fileRef = 59F03BFA2076AFAB00E47867 /* main.swift */; };
/* End PBXBuildFile section */

/* Begin PBXCopyFilesBuildPhase section */
		59261BBA206EB9E100BF9DB7 /* CopyFiles */ = {
			isa = PBXCopyFilesBuildPhase;
			buildActionMask = 2147483647;
			dstPath = /usr/share/man/man1/;
			dstSubfolderSpec = 0;
			files = (
			);
			runOnlyForDeploymentPostprocessing = 1;
		};
		59261BD7206EE7F300BF9DB7 /* CopyFiles */ = {
			isa = PBXCopyFilesBuildPhase;
			buildActionMask = 2147483647;
			dstPath = /usr/share/man/man1/;
			dstSubfolderSpec = 0;
			files = (
			);
			runOnlyForDeploymentPostprocessing = 1;
		};
		599930BB206FDC5300102DDE /* CopyFiles */ = {
			isa = PBXCopyFilesBuildPhase;
			buildActionMask = 2147483647;
			dstPath = /usr/share/man/man1/;
			dstSubfolderSpec = 0;
			files = (
			);
			runOnlyForDeploymentPostprocessing = 1;
		};
		59F03BEC2076AEFF00E47867 /* CopyFiles */ = {
			isa = PBXCopyFilesBuildPhase;
			buildActionMask = 2147483647;
			dstPath = /usr/share/man/man1/;
			dstSubfolderSpec = 0;
			files = (
			);
			runOnlyForDeploymentPostprocessing = 1;
		};
/* End PBXCopyFilesBuildPhase section */

/* Begin PBXFileReference section */
		59261BBC206EB9E100BF9DB7 /* StoryBoardParser */ = {isa = PBXFileReference; explicitFileType = "compiled.mach-o.executable"; includeInIndex = 0; path = StoryBoardParser; sourceTree = BUILT_PRODUCTS_DIR; };
		59261BCA206EBB7A00BF9DB7 /* libxml2.2.dylib */ = {isa = PBXFileReference; lastKnownFileType = "compiled.mach-o.dylib"; name = libxml2.2.dylib; path = ../../../../../../../usr/lib/libxml2.2.dylib; sourceTree = "<group>"; };
		59261BD9206EE7F300BF9DB7 /* TestAPI */ = {isa = PBXFileReference; explicitFileType = "compiled.mach-o.executable"; includeInIndex = 0; path = TestAPI; sourceTree = BUILT_PRODUCTS_DIR; };
		59390880207E5EB70066746C /* UIButtonContent.h */ = {isa = PBXFileReference; lastKnownFileType = sourcecode.c.h; path = UIButtonContent.h; sourceTree = "<group>"; };
		59390881207E5EB70066746C /* UIButtonContent.m */ = {isa = PBXFileReference; lastKnownFileType = sourcecode.c.objc; path = UIButtonContent.m; sourceTree = "<group>"; };
		594FE359207269430098613B /* UIColor.swift */ = {isa = PBXFileReference; lastKnownFileType = sourcecode.swift; path = UIColor.swift; sourceTree = "<group>"; };
		594FE35B20727E5E0098613B /* UIButton.swift */ = {isa = PBXFileReference; lastKnownFileType = sourcecode.swift; path = UIButton.swift; sourceTree = "<group>"; };
		594FE35D20727E840098613B /* UIControl.swift */ = {isa = PBXFileReference; lastKnownFileType = sourcecode.swift; path = UIControl.swift; sourceTree = "<group>"; };
		594FE37D207286550098613B /* UIScreen.swift */ = {isa = PBXFileReference; lastKnownFileType = sourcecode.swift; path = UIScreen.swift; sourceTree = "<group>"; };
		594FE37F2072B9F50098613B /* UILabel.swift */ = {isa = PBXFileReference; lastKnownFileType = sourcecode.swift; path = UILabel.swift; sourceTree = "<group>"; };
		594FE3832072BFD30098613B /* ViewController2.swift */ = {isa = PBXFileReference; lastKnownFileType = sourcecode.swift; path = ViewController2.swift; sourceTree = "<group>"; };
		594FE3872073592D0098613B /* Window.swift */ = {isa = PBXFileReference; lastKnownFileType = sourcecode.swift; path = Window.swift; sourceTree = "<group>"; };
		595FC90F2073A3CE00FB6D6B /* ViewController3.swift */ = {isa = PBXFileReference; lastKnownFileType = sourcecode.swift; path = ViewController3.swift; sourceTree = "<group>"; };
		595FC9132075219400FB6D6B /* UISwitch.swift */ = {isa = PBXFileReference; lastKnownFileType = sourcecode.swift; path = UISwitch.swift; sourceTree = "<group>"; };
		596900DB207B289E00A25EA4 /* CustomCoder.mm */ = {isa = PBXFileReference; fileEncoding = 4; lastKnownFileType = sourcecode.cpp.objcpp; path = CustomCoder.mm; sourceTree = "<group>"; };
		596900DE207B28A400A25EA4 /* CustomCoder.h */ = {isa = PBXFileReference; lastKnownFileType = sourcecode.c.h; path = CustomCoder.h; sourceTree = "<group>"; };
		596900E5207B2BFC00A25EA4 /* StoryboardDocument.hpp */ = {isa = PBXFileReference; fileEncoding = 4; lastKnownFileType = sourcecode.cpp.h; path = StoryboardDocument.hpp; sourceTree = "<group>"; };
		596900E6207B2BFC00A25EA4 /* SB_View.hpp */ = {isa = PBXFileReference; fileEncoding = 4; lastKnownFileType = sourcecode.cpp.h; path = SB_View.hpp; sourceTree = "<group>"; };
		596900E7207B2BFC00A25EA4 /* XMLDocument.hpp */ = {isa = PBXFileReference; fileEncoding = 4; lastKnownFileType = sourcecode.cpp.h; path = XMLDocument.hpp; sourceTree = "<group>"; };
		596900E8207B2BFC00A25EA4 /* SB_Parameters.hpp */ = {isa = PBXFileReference; fileEncoding = 4; lastKnownFileType = sourcecode.cpp.h; path = SB_Parameters.hpp; sourceTree = "<group>"; };
		596900E9207B2BFC00A25EA4 /* SB_Scene.hpp */ = {isa = PBXFileReference; fileEncoding = 4; lastKnownFileType = sourcecode.cpp.h; path = SB_Scene.hpp; sourceTree = "<group>"; };
		596900EA207B2BFC00A25EA4 /* SB_Scene.cpp */ = {isa = PBXFileReference; fileEncoding = 4; lastKnownFileType = sourcecode.cpp.cpp; path = SB_Scene.cpp; sourceTree = "<group>"; };
		596900EB207B2BFC00A25EA4 /* SB_View.cpp */ = {isa = PBXFileReference; fileEncoding = 4; lastKnownFileType = sourcecode.cpp.cpp; path = SB_View.cpp; sourceTree = "<group>"; };
		596900EC207B2BFC00A25EA4 /* SB_Parameters.cpp */ = {isa = PBXFileReference; fileEncoding = 4; lastKnownFileType = sourcecode.cpp.cpp; path = SB_Parameters.cpp; sourceTree = "<group>"; };
		596900ED207B2BFC00A25EA4 /* StoryboardDocument.cpp */ = {isa = PBXFileReference; fileEncoding = 4; lastKnownFileType = sourcecode.cpp.cpp; path = StoryboardDocument.cpp; sourceTree = "<group>"; };
		596900EE207B2BFC00A25EA4 /* XMLDocument.cpp */ = {isa = PBXFileReference; fileEncoding = 4; lastKnownFileType = sourcecode.cpp.cpp; path = XMLDocument.cpp; sourceTree = "<group>"; };
		599930BD206FDC5300102DDE /* TestGtk */ = {isa = PBXFileReference; explicitFileType = "compiled.mach-o.executable"; includeInIndex = 0; path = TestGtk; sourceTree = BUILT_PRODUCTS_DIR; };
		599930DC206FDF2600102DDE /* libgtk-3.0.dylib */ = {isa = PBXFileReference; lastKnownFileType = "compiled.mach-o.dylib"; name = "libgtk-3.0.dylib"; path = "../../../../../../../usr/local/Cellar/gtk+3/3.22.29_1/lib/libgtk-3.0.dylib"; sourceTree = "<group>"; };
		599930DE206FDF3D00102DDE /* libgdk-3.dylib */ = {isa = PBXFileReference; lastKnownFileType = "compiled.mach-o.dylib"; name = "libgdk-3.dylib"; path = "../../../../../../../usr/local/lib/libgdk-3.dylib"; sourceTree = "<group>"; };
		599930E0206FDFA300102DDE /* libgobject-2.0.dylib */ = {isa = PBXFileReference; lastKnownFileType = "compiled.mach-o.dylib"; name = "libgobject-2.0.dylib"; path = "../../../../../../../usr/local/lib/libgobject-2.0.dylib"; sourceTree = "<group>"; };
		599930E2206FDFCC00102DDE /* libglib-2.0.0.dylib */ = {isa = PBXFileReference; lastKnownFileType = "compiled.mach-o.dylib"; name = "libglib-2.0.0.dylib"; path = "../../../../../../../usr/local/lib/libglib-2.0.0.dylib"; sourceTree = "<group>"; };
		59E60C5B207F8C890006CEB6 /* UISlider.swift */ = {isa = PBXFileReference; lastKnownFileType = sourcecode.swift; path = UISlider.swift; sourceTree = "<group>"; };
		59E60C60208482420006CEB6 /* SecondViewController.swift */ = {isa = PBXFileReference; fileEncoding = 4; lastKnownFileType = sourcecode.swift; name = SecondViewController.swift; path = TestUIStoryBoard/TestStoryBoard/SecondViewController.swift; sourceTree = "<group>"; };
		59E60C62208484240006CEB6 /* UIStoryboardSegue.swift */ = {isa = PBXFileReference; lastKnownFileType = sourcecode.swift; path = UIStoryboardSegue.swift; sourceTree = "<group>"; };
		59EB41252071107400F29CA5 /* main.c */ = {isa = PBXFileReference; fileEncoding = 4; lastKnownFileType = sourcecode.c.c; path = main.c; sourceTree = "<group>"; };
		59EB41282071109B00F29CA5 /* main.cpp */ = {isa = PBXFileReference; fileEncoding = 4; lastKnownFileType = sourcecode.cpp.cpp; path = main.cpp; sourceTree = "<group>"; };
		59EB412D207110AD00F29CA5 /* UIView.swift */ = {isa = PBXFileReference; lastKnownFileType = sourcecode.swift; path = UIView.swift; sourceTree = "<group>"; };
		59EB412E207110AD00F29CA5 /* Gtk_SwiftGlue.h */ = {isa = PBXFileReference; lastKnownFileType = sourcecode.c.h; path = Gtk_SwiftGlue.h; sourceTree = "<group>"; };
		59EB412F207110AD00F29CA5 /* TestAPI-Bridging-Header.h */ = {isa = PBXFileReference; lastKnownFileType = sourcecode.c.h; path = "TestAPI-Bridging-Header.h"; sourceTree = "<group>"; };
		59EB4131207110AD00F29CA5 /* UIResponder.swift */ = {isa = PBXFileReference; lastKnownFileType = sourcecode.swift; path = UIResponder.swift; sourceTree = "<group>"; };
		59EB4132207110AD00F29CA5 /* UIViewController.swift */ = {isa = PBXFileReference; lastKnownFileType = sourcecode.swift; path = UIViewController.swift; sourceTree = "<group>"; };
		59EB4133207110AD00F29CA5 /* UIWindow.swift */ = {isa = PBXFileReference; lastKnownFileType = sourcecode.swift; path = UIWindow.swift; sourceTree = "<group>"; };
		59EB4134207110AD00F29CA5 /* UIApplication.swift */ = {isa = PBXFileReference; lastKnownFileType = sourcecode.swift; path = UIApplication.swift; sourceTree = "<group>"; };
		59EB41592071117D00F29CA5 /* ViewController.swift */ = {isa = PBXFileReference; fileEncoding = 4; lastKnownFileType = sourcecode.swift; path = ViewController.swift; sourceTree = "<group>"; };
		59EB415A2071117D00F29CA5 /* AppDelegate.swift */ = {isa = PBXFileReference; fileEncoding = 4; lastKnownFileType = sourcecode.swift; path = AppDelegate.swift; sourceTree = "<group>"; };
		59EB415B2071117D00F29CA5 /* main.swift */ = {isa = PBXFileReference; fileEncoding = 4; lastKnownFileType = sourcecode.swift; path = main.swift; sourceTree = "<group>"; };
		59EB4161207115AD00F29CA5 /* UIStoryBoard.h */ = {isa = PBXFileReference; fileEncoding = 4; lastKnownFileType = sourcecode.c.h; path = UIStoryBoard.h; sourceTree = "<group>"; };
		59EB4162207115AD00F29CA5 /* UIStoryBoard.mm */ = {isa = PBXFileReference; fileEncoding = 4; lastKnownFileType = sourcecode.cpp.objcpp; path = UIStoryBoard.mm; sourceTree = "<group>"; };
		59F03B9E2076014C00E47867 /* CustomView.swift */ = {isa = PBXFileReference; fileEncoding = 4; lastKnownFileType = sourcecode.swift; path = CustomView.swift; sourceTree = "<group>"; };
		59F03BA0207603D000E47867 /* CustomWidget.h */ = {isa = PBXFileReference; lastKnownFileType = sourcecode.c.h; path = CustomWidget.h; sourceTree = "<group>"; };
		59F03BA1207603D000E47867 /* CustomWidget.c */ = {isa = PBXFileReference; lastKnownFileType = sourcecode.c.c; path = CustomWidget.c; sourceTree = "<group>"; };
		59F03BA32076049C00E47867 /* libcairo.dylib */ = {isa = PBXFileReference; lastKnownFileType = "compiled.mach-o.dylib"; name = libcairo.dylib; path = ../../../../../../usr/local/lib/libcairo.dylib; sourceTree = "<group>"; };
		59F03BA5207604D100E47867 /* libgio-2.0.dylib */ = {isa = PBXFileReference; lastKnownFileType = "compiled.mach-o.dylib"; name = "libgio-2.0.dylib"; path = "../../../../../../usr/local/lib/libgio-2.0.dylib"; sourceTree = "<group>"; };
		59F03BA8207625D900E47867 /* GtkDrawableContainer.h */ = {isa = PBXFileReference; lastKnownFileType = sourcecode.c.h; path = GtkDrawableContainer.h; sourceTree = "<group>"; };
		59F03BA9207625D900E47867 /* GtkDrawableContainer.c */ = {isa = PBXFileReference; lastKnownFileType = sourcecode.c.c; path = GtkDrawableContainer.c; sourceTree = "<group>"; };
		59F03BF02076AEFF00E47867 /* TestUIStoryboard */ = {isa = PBXFileReference; explicitFileType = "compiled.mach-o.executable"; includeInIndex = 0; path = TestUIStoryboard; sourceTree = BUILT_PRODUCTS_DIR; };
		59F03BF62076AF8100E47867 /* AppDelegate.swift */ = {isa = PBXFileReference; fileEncoding = 4; lastKnownFileType = sourcecode.swift; name = AppDelegate.swift; path = TestUIStoryBoard/TestStoryBoard/AppDelegate.swift; sourceTree = "<group>"; };
		59F03BF72076AF8100E47867 /* ViewController.swift */ = {isa = PBXFileReference; fileEncoding = 4; lastKnownFileType = sourcecode.swift; name = ViewController.swift; path = TestUIStoryBoard/TestStoryBoard/ViewController.swift; sourceTree = "<group>"; };
		59F03BFA2076AFAB00E47867 /* main.swift */ = {isa = PBXFileReference; fileEncoding = 4; lastKnownFileType = sourcecode.swift; name = main.swift; path = TestUIStoryBoard/TestStoryBoard/main.swift; sourceTree = "<group>"; };
/* End PBXFileReference section */

/* Begin PBXFrameworksBuildPhase section */
		59261BB9206EB9E100BF9DB7 /* Frameworks */ = {
			isa = PBXFrameworksBuildPhase;
			buildActionMask = 2147483647;
			files = (
				59261BCB206EBB7A00BF9DB7 /* libxml2.2.dylib in Frameworks */,
			);
			runOnlyForDeploymentPostprocessing = 0;
		};
		59261BD6206EE7F300BF9DB7 /* Frameworks */ = {
			isa = PBXFrameworksBuildPhase;
			buildActionMask = 2147483647;
			files = (
				59261BE7206EE8DD00BF9DB7 /* libxml2.2.dylib in Frameworks */,
				599930E7206FE8FC00102DDE /* libgdk-3.dylib in Frameworks */,
				599930E8206FE8FE00102DDE /* libgtk-3.0.dylib in Frameworks */,
				599930E5206FE8F900102DDE /* libglib-2.0.0.dylib in Frameworks */,
				599930E6206FE8FB00102DDE /* libgobject-2.0.dylib in Frameworks */,
			);
			runOnlyForDeploymentPostprocessing = 0;
		};
		599930BA206FDC5300102DDE /* Frameworks */ = {
			isa = PBXFrameworksBuildPhase;
			buildActionMask = 2147483647;
			files = (
				599930DD206FDF2600102DDE /* libgtk-3.0.dylib in Frameworks */,
				599930E4206FE03000102DDE /* libgdk-3.dylib in Frameworks */,
				599930E3206FDFCC00102DDE /* libglib-2.0.0.dylib in Frameworks */,
				59F03BA72076212500E47867 /* libcairo.dylib in Frameworks */,
				599930E1206FDFA300102DDE /* libgobject-2.0.dylib in Frameworks */,
			);
			runOnlyForDeploymentPostprocessing = 0;
		};
		59F03BE62076AEFF00E47867 /* Frameworks */ = {
			isa = PBXFrameworksBuildPhase;
			buildActionMask = 2147483647;
			files = (
				59F03BE72076AEFF00E47867 /* libxml2.2.dylib in Frameworks */,
				59F03BE82076AEFF00E47867 /* libgdk-3.dylib in Frameworks */,
				59F03BE92076AEFF00E47867 /* libgtk-3.0.dylib in Frameworks */,
				59F03BEA2076AEFF00E47867 /* libglib-2.0.0.dylib in Frameworks */,
				59F03BEB2076AEFF00E47867 /* libgobject-2.0.dylib in Frameworks */,
			);
			runOnlyForDeploymentPostprocessing = 0;
		};
/* End PBXFrameworksBuildPhase section */

/* Begin PBXGroup section */
		59261BB3206EB9E100BF9DB7 = {
			isa = PBXGroup;
			children = (
				59EB412A207110AD00F29CA5 /* Sources */,
				59EB41272071109B00F29CA5 /* TestStoryBoard */,
				59EB41242071107400F29CA5 /* TestGtk */,
				59261BBD206EB9E100BF9DB7 /* Products */,
				59261BC9206EBB7A00BF9DB7 /* Frameworks */,
			);
			sourceTree = "<group>";
		};
		59261BBD206EB9E100BF9DB7 /* Products */ = {
			isa = PBXGroup;
			children = (
				59261BBC206EB9E100BF9DB7 /* StoryBoardParser */,
				59261BD9206EE7F300BF9DB7 /* TestAPI */,
				599930BD206FDC5300102DDE /* TestGtk */,
				59F03BF02076AEFF00E47867 /* TestUIStoryboard */,
			);
			name = Products;
			sourceTree = "<group>";
		};
		59261BC9206EBB7A00BF9DB7 /* Frameworks */ = {
			isa = PBXGroup;
			children = (
				59F03BA5207604D100E47867 /* libgio-2.0.dylib */,
				59F03BA32076049C00E47867 /* libcairo.dylib */,
				599930E2206FDFCC00102DDE /* libglib-2.0.0.dylib */,
				599930E0206FDFA300102DDE /* libgobject-2.0.dylib */,
				599930DE206FDF3D00102DDE /* libgdk-3.dylib */,
				599930DC206FDF2600102DDE /* libgtk-3.0.dylib */,
				59261BCA206EBB7A00BF9DB7 /* libxml2.2.dylib */,
			);
			name = Frameworks;
			sourceTree = "<group>";
		};
		596900E4207B2BFC00A25EA4 /* include */ = {
			isa = PBXGroup;
			children = (
				596900E5207B2BFC00A25EA4 /* StoryboardDocument.hpp */,
				596900E6207B2BFC00A25EA4 /* SB_View.hpp */,
				596900E7207B2BFC00A25EA4 /* XMLDocument.hpp */,
				596900E8207B2BFC00A25EA4 /* SB_Parameters.hpp */,
				596900E9207B2BFC00A25EA4 /* SB_Scene.hpp */,
			);
			path = include;
			sourceTree = "<group>";
		};
		59EB41242071107400F29CA5 /* TestGtk */ = {
			isa = PBXGroup;
			children = (
				59F03BA0207603D000E47867 /* CustomWidget.h */,
				59F03BA1207603D000E47867 /* CustomWidget.c */,
				59EB41252071107400F29CA5 /* main.c */,
			);
			path = TestGtk;
			sourceTree = "<group>";
		};
		59EB41272071109B00F29CA5 /* TestStoryBoard */ = {
			isa = PBXGroup;
			children = (
				59EB41282071109B00F29CA5 /* main.cpp */,
			);
			path = TestStoryBoard;
			sourceTree = "<group>";
		};
		59EB412A207110AD00F29CA5 /* Sources */ = {
			isa = PBXGroup;
			children = (
				59EB41582071117D00F29CA5 /* TestUI */,
				59F03BF52076AF4A00E47867 /* TestUIStoryBoard */,
				59EB415F207115AD00F29CA5 /* objc */,
				59EB412C207110AD00F29CA5 /* UIKit */,
				59EB4137207110AD00F29CA5 /* StoryBoardParser */,
			);
			path = Sources;
			sourceTree = "<group>";
		};
		59EB412C207110AD00F29CA5 /* UIKit */ = {
			isa = PBXGroup;
			children = (
				59EB412F207110AD00F29CA5 /* TestAPI-Bridging-Header.h */,
				59EB412E207110AD00F29CA5 /* Gtk_SwiftGlue.h */,
				59F03BA8207625D900E47867 /* GtkDrawableContainer.h */,
				59F03BA9207625D900E47867 /* GtkDrawableContainer.c */,
				59EB4131207110AD00F29CA5 /* UIResponder.swift */,
				595FC9132075219400FB6D6B /* UISwitch.swift */,
				594FE37D207286550098613B /* UIScreen.swift */,
				594FE35B20727E5E0098613B /* UIButton.swift */,
				594FE37F2072B9F50098613B /* UILabel.swift */,
				59E60C5B207F8C890006CEB6 /* UISlider.swift */,
				594FE35D20727E840098613B /* UIControl.swift */,
				594FE359207269430098613B /* UIColor.swift */,
				59EB412D207110AD00F29CA5 /* UIView.swift */,
				59EB4132207110AD00F29CA5 /* UIViewController.swift */,
				59EB4133207110AD00F29CA5 /* UIWindow.swift */,
				59E60C62208484240006CEB6 /* UIStoryboardSegue.swift */,
				59EB4134207110AD00F29CA5 /* UIApplication.swift */,
			);
			path = UIKit;
			sourceTree = "<group>";
		};
		59EB4137207110AD00F29CA5 /* StoryBoardParser */ = {
			isa = PBXGroup;
			children = (
				596900E4207B2BFC00A25EA4 /* include */,
				596900EC207B2BFC00A25EA4 /* SB_Parameters.cpp */,
				596900EA207B2BFC00A25EA4 /* SB_Scene.cpp */,
				596900EB207B2BFC00A25EA4 /* SB_View.cpp */,
				596900ED207B2BFC00A25EA4 /* StoryboardDocument.cpp */,
				596900EE207B2BFC00A25EA4 /* XMLDocument.cpp */,
			);
			path = StoryBoardParser;
			sourceTree = "<group>";
		};
		59EB41582071117D00F29CA5 /* TestUI */ = {
			isa = PBXGroup;
			children = (
				59F03B9E2076014C00E47867 /* CustomView.swift */,
				59EB41592071117D00F29CA5 /* ViewController.swift */,
				595FC90F2073A3CE00FB6D6B /* ViewController3.swift */,
				594FE3832072BFD30098613B /* ViewController2.swift */,
				594FE3872073592D0098613B /* Window.swift */,
				59EB415A2071117D00F29CA5 /* AppDelegate.swift */,
				59EB415B2071117D00F29CA5 /* main.swift */,
			);
			path = TestUI;
			sourceTree = "<group>";
		};
		59EB415F207115AD00F29CA5 /* objc */ = {
			isa = PBXGroup;
			children = (
				59390880207E5EB70066746C /* UIButtonContent.h */,
				59390881207E5EB70066746C /* UIButtonContent.m */,
				59EB4162207115AD00F29CA5 /* UIStoryBoard.mm */,
				596900DB207B289E00A25EA4 /* CustomCoder.mm */,
				59EB4160207115AD00F29CA5 /* include */,
			);
			path = objc;
			sourceTree = "<group>";
		};
		59EB4160207115AD00F29CA5 /* include */ = {
			isa = PBXGroup;
			children = (
				596900DE207B28A400A25EA4 /* CustomCoder.h */,
				59EB4161207115AD00F29CA5 /* UIStoryBoard.h */,
			);
			path = include;
			sourceTree = "<group>";
		};
		59F03BF52076AF4A00E47867 /* TestUIStoryBoard */ = {
			isa = PBXGroup;
			children = (
				59F03BFA2076AFAB00E47867 /* main.swift */,
				59F03BF62076AF8100E47867 /* AppDelegate.swift */,
				59F03BF72076AF8100E47867 /* ViewController.swift */,
				59E60C60208482420006CEB6 /* SecondViewController.swift */,
			);
			name = TestUIStoryBoard;
			sourceTree = "<group>";
		};
/* End PBXGroup section */

/* Begin PBXNativeTarget section */
		59261BBB206EB9E100BF9DB7 /* StoryBoardParser */ = {
			isa = PBXNativeTarget;
			buildConfigurationList = 59261BC3206EB9E100BF9DB7 /* Build configuration list for PBXNativeTarget "StoryBoardParser" */;
			buildPhases = (
				59261BB8206EB9E100BF9DB7 /* Sources */,
				59261BB9206EB9E100BF9DB7 /* Frameworks */,
				59261BBA206EB9E100BF9DB7 /* CopyFiles */,
			);
			buildRules = (
			);
			dependencies = (
			);
			name = StoryBoardParser;
			productName = StoryBoardParser;
			productReference = 59261BBC206EB9E100BF9DB7 /* StoryBoardParser */;
			productType = "com.apple.product-type.tool";
		};
		59261BD8206EE7F300BF9DB7 /* TestAPI */ = {
			isa = PBXNativeTarget;
			buildConfigurationList = 59261BDD206EE7F300BF9DB7 /* Build configuration list for PBXNativeTarget "TestAPI" */;
			buildPhases = (
				59261BD5206EE7F300BF9DB7 /* Sources */,
				59261BD6206EE7F300BF9DB7 /* Frameworks */,
				59261BD7206EE7F300BF9DB7 /* CopyFiles */,
			);
			buildRules = (
			);
			dependencies = (
			);
			name = TestAPI;
			productName = TestAPI;
			productReference = 59261BD9206EE7F300BF9DB7 /* TestAPI */;
			productType = "com.apple.product-type.tool";
		};
		599930BC206FDC5300102DDE /* TestGtk */ = {
			isa = PBXNativeTarget;
			buildConfigurationList = 599930C1206FDC5300102DDE /* Build configuration list for PBXNativeTarget "TestGtk" */;
			buildPhases = (
				599930B9206FDC5300102DDE /* Sources */,
				599930BA206FDC5300102DDE /* Frameworks */,
				599930BB206FDC5300102DDE /* CopyFiles */,
			);
			buildRules = (
			);
			dependencies = (
			);
			name = TestGtk;
			productName = TestGtk;
			productReference = 599930BD206FDC5300102DDE /* TestGtk */;
			productType = "com.apple.product-type.tool";
		};
		59F03BCA2076AEFF00E47867 /* TestUIStoryboard */ = {
			isa = PBXNativeTarget;
			buildConfigurationList = 59F03BED2076AEFF00E47867 /* Build configuration list for PBXNativeTarget "TestUIStoryboard" */;
			buildPhases = (
				59F03BCB2076AEFF00E47867 /* Sources */,
				59F03BE62076AEFF00E47867 /* Frameworks */,
				59F03BEC2076AEFF00E47867 /* CopyFiles */,
			);
			buildRules = (
			);
			dependencies = (
			);
			name = TestUIStoryboard;
			productName = TestAPI;
			productReference = 59F03BF02076AEFF00E47867 /* TestUIStoryboard */;
			productType = "com.apple.product-type.tool";
		};
/* End PBXNativeTarget section */

/* Begin PBXProject section */
		59261BB4206EB9E100BF9DB7 /* Project object */ = {
			isa = PBXProject;
			attributes = {
				LastSwiftUpdateCheck = 0920;
				LastUpgradeCheck = 0930;
				ORGANIZATIONNAME = "Manuel Deneu";
				TargetAttributes = {
					59261BBB206EB9E100BF9DB7 = {
						CreatedOnToolsVersion = 9.2;
						ProvisioningStyle = Automatic;
					};
					59261BD8206EE7F300BF9DB7 = {
						CreatedOnToolsVersion = 9.2;
						LastSwiftMigration = 0920;
						ProvisioningStyle = Automatic;
					};
					599930BC206FDC5300102DDE = {
						CreatedOnToolsVersion = 9.3;
						LastSwiftMigration = 0930;
						ProvisioningStyle = Automatic;
					};
					59F03BCA2076AEFF00E47867 = {
						ProvisioningStyle = Automatic;
					};
				};
			};
			buildConfigurationList = 59261BB7206EB9E100BF9DB7 /* Build configuration list for PBXProject "NUXKit" */;
			compatibilityVersion = "Xcode 8.0";
			developmentRegion = en;
			hasScannedForEncodings = 0;
			knownRegions = (
				en,
			);
			mainGroup = 59261BB3206EB9E100BF9DB7;
			productRefGroup = 59261BBD206EB9E100BF9DB7 /* Products */;
			projectDirPath = "";
			projectRoot = "";
			targets = (
				59261BBB206EB9E100BF9DB7 /* StoryBoardParser */,
				59261BD8206EE7F300BF9DB7 /* TestAPI */,
				599930BC206FDC5300102DDE /* TestGtk */,
				59F03BCA2076AEFF00E47867 /* TestUIStoryboard */,
			);
		};
/* End PBXProject section */

/* Begin PBXSourcesBuildPhase section */
		59261BB8206EB9E100BF9DB7 /* Sources */ = {
			isa = PBXSourcesBuildPhase;
			buildActionMask = 2147483647;
			files = (
				59EB41292071109B00F29CA5 /* main.cpp in Sources */,
				596900EF207B2BFC00A25EA4 /* SB_Scene.cpp in Sources */,
				596900F7207B2BFC00A25EA4 /* SB_Parameters.cpp in Sources */,
				596900FB207B2BFC00A25EA4 /* StoryboardDocument.cpp in Sources */,
				596900FF207B2BFC00A25EA4 /* XMLDocument.cpp in Sources */,
				596900F3207B2BFC00A25EA4 /* SB_View.cpp in Sources */,
			);
			runOnlyForDeploymentPostprocessing = 0;
		};
		59261BD5206EE7F300BF9DB7 /* Sources */ = {
			isa = PBXSourcesBuildPhase;
			buildActionMask = 2147483647;
			files = (
				594FE35C20727E5E0098613B /* UIButton.swift in Sources */,
				59EB414A207110D800F29CA5 /* UIView.swift in Sources */,
				59E60C63208484240006CEB6 /* UIStoryboardSegue.swift in Sources */,
				59EB414B207110D800F29CA5 /* UIResponder.swift in Sources */,
				59EB414C207110D800F29CA5 /* UIViewController.swift in Sources */,
				594FE37E207286550098613B /* UIScreen.swift in Sources */,
				595FC9102073A3CE00FB6D6B /* ViewController3.swift in Sources */,
				596900F0207B2BFC00A25EA4 /* SB_Scene.cpp in Sources */,
				59EB414D207110D800F29CA5 /* UIWindow.swift in Sources */,
				59EB415D2071117D00F29CA5 /* AppDelegate.swift in Sources */,
				596900FC207B2BFC00A25EA4 /* StoryboardDocument.cpp in Sources */,
				594FE35A207269430098613B /* UIColor.swift in Sources */,
				595FC9142075219400FB6D6B /* UISwitch.swift in Sources */,
				596900F4207B2BFC00A25EA4 /* SB_View.cpp in Sources */,
				59EB414E207110D800F29CA5 /* UIApplication.swift in Sources */,
				594FE3802072B9F50098613B /* UILabel.swift in Sources */,
				59690100207B2BFC00A25EA4 /* XMLDocument.cpp in Sources */,
				596900DC207B289E00A25EA4 /* CustomCoder.mm in Sources */,
				59EB415C2071117D00F29CA5 /* ViewController.swift in Sources */,
				59EB4163207115AD00F29CA5 /* UIStoryBoard.mm in Sources */,
				59F03BAA207625D900E47867 /* GtkDrawableContainer.c in Sources */,
				594FE3842072BFD30098613B /* ViewController2.swift in Sources */,
				59EB415E2071117D00F29CA5 /* main.swift in Sources */,
				59F03B9F2076014C00E47867 /* CustomView.swift in Sources */,
				594FE35E20727E840098613B /* UIControl.swift in Sources */,
				59390882207E5EB70066746C /* UIButtonContent.m in Sources */,
				594FE3882073592D0098613B /* Window.swift in Sources */,
				596900F8207B2BFC00A25EA4 /* SB_Parameters.cpp in Sources */,
			);
			runOnlyForDeploymentPostprocessing = 0;
		};
		599930B9206FDC5300102DDE /* Sources */ = {
			isa = PBXSourcesBuildPhase;
			buildActionMask = 2147483647;
			files = (
				59F03BAB207625D900E47867 /* GtkDrawableContainer.c in Sources */,
				59F03BA2207603D000E47867 /* CustomWidget.c in Sources */,
				59EB41262071107400F29CA5 /* main.c in Sources */,
			);
			runOnlyForDeploymentPostprocessing = 0;
		};
		59F03BCB2076AEFF00E47867 /* Sources */ = {
			isa = PBXSourcesBuildPhase;
			buildActionMask = 2147483647;
			files = (
				59E60C5D207F8C890006CEB6 /* UISlider.swift in Sources */,
				59F03BCC2076AEFF00E47867 /* UIButton.swift in Sources */,
				596900F2207B2BFC00A25EA4 /* SB_Scene.cpp in Sources */,
				59E60C61208482430006CEB6 /* SecondViewController.swift in Sources */,
				59F03BCD2076AEFF00E47867 /* UIView.swift in Sources */,
				59F03BCE2076AEFF00E47867 /* UIResponder.swift in Sources */,
				59F03BCF2076AEFF00E47867 /* UIViewController.swift in Sources */,
				59F03BD02076AEFF00E47867 /* UIScreen.swift in Sources */,
				59F03BD22076AEFF00E47867 /* UIWindow.swift in Sources */,
				59F03BD42076AEFF00E47867 /* UIColor.swift in Sources */,
				59E60C64208484240006CEB6 /* UIStoryboardSegue.swift in Sources */,
				59F03BD52076AEFF00E47867 /* UISwitch.swift in Sources */,
				59390883207E5EB70066746C /* UIButtonContent.m in Sources */,
				596900DD207B289E00A25EA4 /* CustomCoder.mm in Sources */,
				59F03BF82076AF8100E47867 /* AppDelegate.swift in Sources */,
				59F03BD62076AEFF00E47867 /* UIApplication.swift in Sources */,
				59F03BD82076AEFF00E47867 /* UILabel.swift in Sources */,
				59F03BDB2076AEFF00E47867 /* UIStoryBoard.mm in Sources */,
				596900F6207B2BFC00A25EA4 /* SB_View.cpp in Sources */,
				59F03BDC2076AEFF00E47867 /* GtkDrawableContainer.c in Sources */,
				59690102207B2BFC00A25EA4 /* XMLDocument.cpp in Sources */,
				596900FE207B2BFC00A25EA4 /* StoryboardDocument.cpp in Sources */,
				59F03BFB2076AFAB00E47867 /* main.swift in Sources */,
				59F03BF92076AF8100E47867 /* ViewController.swift in Sources */,
				596900FA207B2BFC00A25EA4 /* SB_Parameters.cpp in Sources */,
				59F03BE42076AEFF00E47867 /* UIControl.swift in Sources */,
			);
			runOnlyForDeploymentPostprocessing = 0;
		};
/* End PBXSourcesBuildPhase section */

/* Begin XCBuildConfiguration section */
		59261BC1206EB9E100BF9DB7 /* Debug */ = {
			isa = XCBuildConfiguration;
			buildSettings = {
				ALWAYS_SEARCH_USER_PATHS = NO;
				CLANG_ANALYZER_NONNULL = YES;
				CLANG_ANALYZER_NUMBER_OBJECT_CONVERSION = YES_AGGRESSIVE;
				CLANG_CXX_LANGUAGE_STANDARD = "gnu++14";
				CLANG_CXX_LIBRARY = "libc++";
				CLANG_ENABLE_MODULES = YES;
				CLANG_ENABLE_OBJC_ARC = YES;
				CLANG_WARN_BLOCK_CAPTURE_AUTORELEASING = YES;
				CLANG_WARN_BOOL_CONVERSION = YES;
				CLANG_WARN_COMMA = YES;
				CLANG_WARN_CONSTANT_CONVERSION = YES;
				CLANG_WARN_DEPRECATED_OBJC_IMPLEMENTATIONS = YES;
				CLANG_WARN_DIRECT_OBJC_ISA_USAGE = YES_ERROR;
				CLANG_WARN_DOCUMENTATION_COMMENTS = NO;
				CLANG_WARN_EMPTY_BODY = YES;
				CLANG_WARN_ENUM_CONVERSION = YES;
				CLANG_WARN_INFINITE_RECURSION = YES;
				CLANG_WARN_INT_CONVERSION = YES;
				CLANG_WARN_NON_LITERAL_NULL_CONVERSION = YES;
				CLANG_WARN_OBJC_IMPLICIT_RETAIN_SELF = YES;
				CLANG_WARN_OBJC_LITERAL_CONVERSION = YES;
				CLANG_WARN_OBJC_ROOT_CLASS = YES_ERROR;
				CLANG_WARN_RANGE_LOOP_ANALYSIS = YES;
				CLANG_WARN_STRICT_PROTOTYPES = YES;
				CLANG_WARN_SUSPICIOUS_MOVE = YES;
				CLANG_WARN_UNGUARDED_AVAILABILITY = YES_AGGRESSIVE;
				CLANG_WARN_UNREACHABLE_CODE = YES;
				CLANG_WARN__DUPLICATE_METHOD_MATCH = YES;
				CODE_SIGN_IDENTITY = "Mac Developer";
				COPY_PHASE_STRIP = NO;
				DEBUG_INFORMATION_FORMAT = dwarf;
				ENABLE_STRICT_OBJC_MSGSEND = YES;
				ENABLE_TESTABILITY = YES;
				GCC_C_LANGUAGE_STANDARD = gnu11;
				GCC_DYNAMIC_NO_PIC = NO;
				GCC_NO_COMMON_BLOCKS = YES;
				GCC_OPTIMIZATION_LEVEL = 0;
				GCC_PREPROCESSOR_DEFINITIONS = (
					"DEBUG=1",
					"$(inherited)",
				);
				GCC_WARN_64_TO_32_BIT_CONVERSION = YES;
				GCC_WARN_ABOUT_RETURN_TYPE = YES_ERROR;
				GCC_WARN_UNDECLARED_SELECTOR = YES;
				GCC_WARN_UNINITIALIZED_AUTOS = YES_AGGRESSIVE;
				GCC_WARN_UNUSED_FUNCTION = YES;
				GCC_WARN_UNUSED_VARIABLE = YES;
				HEADER_SEARCH_PATHS = (
					/usr/local/include/,
					/usr/local/include/libxml2,
				);
				LIBRARY_SEARCH_PATHS = /usr/local/lib/;
				MACOSX_DEPLOYMENT_TARGET = 10.13;
				MTL_ENABLE_DEBUG_INFO = YES;
				ONLY_ACTIVE_ARCH = YES;
				SDKROOT = macosx;
				SWIFT_OBJC_BRIDGING_HEADER = "bridging-header.h";
			};
			name = Debug;
		};
		59261BC2206EB9E100BF9DB7 /* Release */ = {
			isa = XCBuildConfiguration;
			buildSettings = {
				ALWAYS_SEARCH_USER_PATHS = NO;
				CLANG_ANALYZER_NONNULL = YES;
				CLANG_ANALYZER_NUMBER_OBJECT_CONVERSION = YES_AGGRESSIVE;
				CLANG_CXX_LANGUAGE_STANDARD = "gnu++14";
				CLANG_CXX_LIBRARY = "libc++";
				CLANG_ENABLE_MODULES = YES;
				CLANG_ENABLE_OBJC_ARC = YES;
				CLANG_WARN_BLOCK_CAPTURE_AUTORELEASING = YES;
				CLANG_WARN_BOOL_CONVERSION = YES;
				CLANG_WARN_COMMA = YES;
				CLANG_WARN_CONSTANT_CONVERSION = YES;
				CLANG_WARN_DEPRECATED_OBJC_IMPLEMENTATIONS = YES;
				CLANG_WARN_DIRECT_OBJC_ISA_USAGE = YES_ERROR;
				CLANG_WARN_DOCUMENTATION_COMMENTS = NO;
				CLANG_WARN_EMPTY_BODY = YES;
				CLANG_WARN_ENUM_CONVERSION = YES;
				CLANG_WARN_INFINITE_RECURSION = YES;
				CLANG_WARN_INT_CONVERSION = YES;
				CLANG_WARN_NON_LITERAL_NULL_CONVERSION = YES;
				CLANG_WARN_OBJC_IMPLICIT_RETAIN_SELF = YES;
				CLANG_WARN_OBJC_LITERAL_CONVERSION = YES;
				CLANG_WARN_OBJC_ROOT_CLASS = YES_ERROR;
				CLANG_WARN_RANGE_LOOP_ANALYSIS = YES;
				CLANG_WARN_STRICT_PROTOTYPES = YES;
				CLANG_WARN_SUSPICIOUS_MOVE = YES;
				CLANG_WARN_UNGUARDED_AVAILABILITY = YES_AGGRESSIVE;
				CLANG_WARN_UNREACHABLE_CODE = YES;
				CLANG_WARN__DUPLICATE_METHOD_MATCH = YES;
				CODE_SIGN_IDENTITY = "Mac Developer";
				COPY_PHASE_STRIP = NO;
				DEBUG_INFORMATION_FORMAT = "dwarf-with-dsym";
				ENABLE_NS_ASSERTIONS = NO;
				ENABLE_STRICT_OBJC_MSGSEND = YES;
				GCC_C_LANGUAGE_STANDARD = gnu11;
				GCC_NO_COMMON_BLOCKS = YES;
				GCC_WARN_64_TO_32_BIT_CONVERSION = YES;
				GCC_WARN_ABOUT_RETURN_TYPE = YES_ERROR;
				GCC_WARN_UNDECLARED_SELECTOR = YES;
				GCC_WARN_UNINITIALIZED_AUTOS = YES_AGGRESSIVE;
				GCC_WARN_UNUSED_FUNCTION = YES;
				GCC_WARN_UNUSED_VARIABLE = YES;
				HEADER_SEARCH_PATHS = (
					/usr/local/include/,
					/usr/local/include/libxml2,
				);
				LIBRARY_SEARCH_PATHS = /usr/local/lib/;
				MACOSX_DEPLOYMENT_TARGET = 10.13;
				MTL_ENABLE_DEBUG_INFO = NO;
				SDKROOT = macosx;
				SWIFT_COMPILATION_MODE = wholemodule;
				SWIFT_OBJC_BRIDGING_HEADER = "bridging-header.h";
			};
			name = Release;
		};
		59261BC4206EB9E100BF9DB7 /* Debug */ = {
			isa = XCBuildConfiguration;
			buildSettings = {
				CODE_SIGN_STYLE = Automatic;
				DEVELOPMENT_TEAM = YUR9BF3P45;
				PRODUCT_NAME = "$(TARGET_NAME)";
			};
			name = Debug;
		};
		59261BC5206EB9E100BF9DB7 /* Release */ = {
			isa = XCBuildConfiguration;
			buildSettings = {
				CODE_SIGN_STYLE = Automatic;
				DEVELOPMENT_TEAM = YUR9BF3P45;
				PRODUCT_NAME = "$(TARGET_NAME)";
			};
			name = Release;
		};
		59261BDE206EE7F300BF9DB7 /* Debug */ = {
			isa = XCBuildConfiguration;
			buildSettings = {
				CLANG_ENABLE_MODULES = YES;
				CODE_SIGN_STYLE = Automatic;
				DEVELOPMENT_TEAM = YUR9BF3P45;
				HEADER_SEARCH_PATHS = (
					/usr/local/include/,
					/usr/local/include/libxml2,
					"/usr/local/lib/glib-2.0/include/",
					/usr/local/include/,
					/usr/local/include/libxml2,
					"/usr/local/include/gtk-3.0/",
					"/usr/local/include/glib-2.0/",
					"/usr/local/include/pango-1.0/",
					/usr/local/include/cairo/,
					"/usr/local/include/gdk-pixbuf-2.0/",
					"/usr/local/include/atk-1.0/",
				);
				LD_RUNPATH_SEARCH_PATHS = "$(inherited) @executable_path/../Frameworks @loader_path/../Frameworks";
				LIBRARY_SEARCH_PATHS = (
					"$(inherited)",
					"/usr/local/Cellar/gtk+3/3.22.29_1/lib",
				);
				MODULE_NAME = "";
				PRODUCT_MODULE_NAME = TestNoStoryboard;
				PRODUCT_NAME = "$(TARGET_NAME)";
				SWIFT_ACTIVE_COMPILATION_CONDITIONS = DEBUG;
				SWIFT_OBJC_BRIDGING_HEADER = "Sources/UIKit/TestAPI-Bridging-Header.h";
				SWIFT_OPTIMIZATION_LEVEL = "-Onone";
				SWIFT_VERSION = 4.0;
			};
			name = Debug;
		};
		59261BDF206EE7F300BF9DB7 /* Release */ = {
			isa = XCBuildConfiguration;
			buildSettings = {
				CLANG_ENABLE_MODULES = YES;
				CODE_SIGN_STYLE = Automatic;
				DEVELOPMENT_TEAM = YUR9BF3P45;
				HEADER_SEARCH_PATHS = (
					/usr/local/include/,
					/usr/local/include/libxml2,
					"/usr/local/lib/glib-2.0/include/",
					/usr/local/include/,
					/usr/local/include/libxml2,
					"/usr/local/include/gtk-3.0/",
					"/usr/local/include/glib-2.0/",
					"/usr/local/include/pango-1.0/",
					/usr/local/include/cairo/,
					"/usr/local/include/gdk-pixbuf-2.0/",
					"/usr/local/include/atk-1.0/",
				);
				LD_RUNPATH_SEARCH_PATHS = "$(inherited) @executable_path/../Frameworks @loader_path/../Frameworks";
				LIBRARY_SEARCH_PATHS = (
					"$(inherited)",
					"/usr/local/Cellar/gtk+3/3.22.29_1/lib",
				);
				MODULE_NAME = "";
				PRODUCT_MODULE_NAME = TestNoStoryboard;
				PRODUCT_NAME = "$(TARGET_NAME)";
				SWIFT_OBJC_BRIDGING_HEADER = "Sources/UIKit/TestAPI-Bridging-Header.h";
				SWIFT_OPTIMIZATION_LEVEL = "-Owholemodule";
				SWIFT_VERSION = 4.0;
			};
			name = Release;
		};
		599930C2206FDC5300102DDE /* Debug */ = {
			isa = XCBuildConfiguration;
			buildSettings = {
				CLANG_ENABLE_MODULES = YES;
				CLANG_ENABLE_OBJC_WEAK = YES;
				CODE_SIGN_STYLE = Automatic;
				DEVELOPMENT_TEAM = YUR9BF3P45;
				HEADER_SEARCH_PATHS = (
					/usr/local/include/,
					/usr/local/include/libxml2,
					"/usr/local/lib/glib-2.0/include/",
					/usr/local/include/,
					/usr/local/include/libxml2,
					"/usr/local/include/gtk-3.0/",
					"/usr/local/include/glib-2.0/",
					"/usr/local/include/pango-1.0/",
					/usr/local/include/cairo/,
					"/usr/local/include/gdk-pixbuf-2.0/",
					"/usr/local/include/atk-1.0/",
				);
				LD_RUNPATH_SEARCH_PATHS = "$(inherited) @executable_path/../Frameworks @loader_path/../Frameworks";
				LIBRARY_SEARCH_PATHS = (
					"$(inherited)",
					"/usr/local/Cellar/gtk+3/3.22.29_1/lib",
				);
				PRODUCT_MODULE_NAME = TestGtk;
				PRODUCT_NAME = TestGtk;
				SWIFT_OPTIMIZATION_LEVEL = "-Onone";
				SWIFT_VERSION = 3.0;
			};
			name = Debug;
		};
		599930C3206FDC5300102DDE /* Release */ = {
			isa = XCBuildConfiguration;
			buildSettings = {
				CLANG_ENABLE_MODULES = YES;
				CLANG_ENABLE_OBJC_WEAK = YES;
				CODE_SIGN_STYLE = Automatic;
				DEVELOPMENT_TEAM = YUR9BF3P45;
				HEADER_SEARCH_PATHS = (
					/usr/local/include/,
					/usr/local/include/libxml2,
					"/usr/local/lib/glib-2.0/include/",
					/usr/local/include/,
					/usr/local/include/libxml2,
					"/usr/local/include/gtk-3.0/",
					"/usr/local/include/glib-2.0/",
					"/usr/local/include/pango-1.0/",
					/usr/local/include/cairo/,
					"/usr/local/include/gdk-pixbuf-2.0/",
					"/usr/local/include/atk-1.0/",
				);
				LD_RUNPATH_SEARCH_PATHS = "$(inherited) @executable_path/../Frameworks @loader_path/../Frameworks";
				LIBRARY_SEARCH_PATHS = (
					"$(inherited)",
					"/usr/local/Cellar/gtk+3/3.22.29_1/lib",
				);
				PRODUCT_MODULE_NAME = TestGtk;
				PRODUCT_NAME = TestGtk;
				SWIFT_VERSION = 3.0;
			};
			name = Release;
		};
		59F03BEE2076AEFF00E47867 /* Debug */ = {
			isa = XCBuildConfiguration;
			buildSettings = {
				CLANG_ENABLE_MODULES = YES;
				CODE_SIGN_STYLE = Automatic;
				DEVELOPMENT_TEAM = YUR9BF3P45;
				HEADER_SEARCH_PATHS = (
					/usr/local/include/,
					/usr/local/include/libxml2,
					"/usr/local/lib/glib-2.0/include/",
					/usr/local/include/,
					/usr/local/include/libxml2,
					"/usr/local/include/gtk-3.0/",
					"/usr/local/include/glib-2.0/",
					"/usr/local/include/pango-1.0/",
					/usr/local/include/cairo/,
					"/usr/local/include/gdk-pixbuf-2.0/",
					"/usr/local/include/atk-1.0/",
				);
				LD_RUNPATH_SEARCH_PATHS = "$(inherited) @executable_path/../Frameworks @loader_path/../Frameworks";
				LIBRARY_SEARCH_PATHS = (
					"$(inherited)",
					"/usr/local/Cellar/gtk+3/3.22.29_1/lib",
				);
				MODULE_NAME = TestStoryBoard;
				PRODUCT_MODULE_NAME = TestStoryBoard;
				PRODUCT_NAME = "$(TARGET_NAME)";
				SWIFT_ACTIVE_COMPILATION_CONDITIONS = DEBUG;
				SWIFT_OBJC_BRIDGING_HEADER = "Sources/UIKit/TestAPI-Bridging-Header.h";
				SWIFT_OPTIMIZATION_LEVEL = "-Onone";
				SWIFT_VERSION = 4.0;
			};
			name = Debug;
		};
		59F03BEF2076AEFF00E47867 /* Release */ = {
			isa = XCBuildConfiguration;
			buildSettings = {
				CLANG_ENABLE_MODULES = YES;
				CODE_SIGN_STYLE = Automatic;
				DEVELOPMENT_TEAM = YUR9BF3P45;
				HEADER_SEARCH_PATHS = (
					/usr/local/include/,
					/usr/local/include/libxml2,
					"/usr/local/lib/glib-2.0/include/",
					/usr/local/include/,
					/usr/local/include/libxml2,
					"/usr/local/include/gtk-3.0/",
					"/usr/local/include/glib-2.0/",
					"/usr/local/include/pango-1.0/",
					/usr/local/include/cairo/,
					"/usr/local/include/gdk-pixbuf-2.0/",
					"/usr/local/include/atk-1.0/",
				);
				LD_RUNPATH_SEARCH_PATHS = "$(inherited) @executable_path/../Frameworks @loader_path/../Frameworks";
				LIBRARY_SEARCH_PATHS = (
					"$(inherited)",
					"/usr/local/Cellar/gtk+3/3.22.29_1/lib",
				);
				MODULE_NAME = TestStoryBoard;
				PRODUCT_MODULE_NAME = TestStoryBoard;
				PRODUCT_NAME = "$(TARGET_NAME)";
				SWIFT_OBJC_BRIDGING_HEADER = "Sources/UIKit/TestAPI-Bridging-Header.h";
				SWIFT_OPTIMIZATION_LEVEL = "-Owholemodule";
				SWIFT_VERSION = 4.0;
			};
			name = Release;
		};
/* End XCBuildConfiguration section */

/* Begin XCConfigurationList section */
		59261BB7206EB9E100BF9DB7 /* Build configuration list for PBXProject "NUXKit" */ = {
			isa = XCConfigurationList;
			buildConfigurations = (
				59261BC1206EB9E100BF9DB7 /* Debug */,
				59261BC2206EB9E100BF9DB7 /* Release */,
			);
			defaultConfigurationIsVisible = 0;
			defaultConfigurationName = Release;
		};
		59261BC3206EB9E100BF9DB7 /* Build configuration list for PBXNativeTarget "StoryBoardParser" */ = {
			isa = XCConfigurationList;
			buildConfigurations = (
				59261BC4206EB9E100BF9DB7 /* Debug */,
				59261BC5206EB9E100BF9DB7 /* Release */,
			);
			defaultConfigurationIsVisible = 0;
			defaultConfigurationName = Release;
		};
		59261BDD206EE7F300BF9DB7 /* Build configuration list for PBXNativeTarget "TestAPI" */ = {
			isa = XCConfigurationList;
			buildConfigurations = (
				59261BDE206EE7F300BF9DB7 /* Debug */,
				59261BDF206EE7F300BF9DB7 /* Release */,
			);
			defaultConfigurationIsVisible = 0;
			defaultConfigurationName = Release;
		};
		599930C1206FDC5300102DDE /* Build configuration list for PBXNativeTarget "TestGtk" */ = {
			isa = XCConfigurationList;
			buildConfigurations = (
				599930C2206FDC5300102DDE /* Debug */,
				599930C3206FDC5300102DDE /* Release */,
			);
			defaultConfigurationIsVisible = 0;
			defaultConfigurationName = Release;
		};
		59F03BED2076AEFF00E47867 /* Build configuration list for PBXNativeTarget "TestUIStoryboard" */ = {
			isa = XCConfigurationList;
			buildConfigurations = (
				59F03BEE2076AEFF00E47867 /* Debug */,
				59F03BEF2076AEFF00E47867 /* Release */,
			);
			defaultConfigurationIsVisible = 0;
			defaultConfigurationName = Release;
		};
/* End XCConfigurationList section */
	};
	rootObject = 59261BB4206EB9E100BF9DB7 /* Project object */;
}
